
Microsoft Visual Studio Solution File, Format Version 12.00
Project("{FAE04EC0-301F-11D3-BF4B-00C04F79EFBC}") = "AreaLib", "AreaLib\AreaLib.csproj", "{DFDCB4EF-5DA2-4F44-9527-8EE724F0BD91}"
EndProject
Project("{FAE04EC0-301F-11D3-BF4B-00C04F79EFBC}") = "AreaLib.Tests", "AreaLib.Tests\AreaLib.Tests.csproj", "{E07D9AAF-C2E6-4E35-A46A-3C6634EC170A}"
EndProject
Global
	GlobalSection(SolutionConfigurationPlatforms) = preSolution
		Debug|Any CPU = Debug|Any CPU
		Release|Any CPU = Release|Any CPU
	EndGlobalSection
	GlobalSection(ProjectConfigurationPlatforms) = postSolution
		{DFDCB4EF-5DA2-4F44-9527-8EE724F0BD91}.Debug|Any CPU.ActiveCfg = Debug|Any CPU
		{DFDCB4EF-5DA2-4F44-9527-8EE724F0BD91}.Debug|Any CPU.Build.0 = Debug|Any CPU
		{DFDCB4EF-5DA2-4F44-9527-8EE724F0BD91}.Release|Any CPU.ActiveCfg = Release|Any CPU
		{DFDCB4EF-5DA2-4F44-9527-8EE724F0BD91}.Release|Any CPU.Build.0 = Release|Any CPU
		{E07D9AAF-C2E6-4E35-A46A-3C6634EC170A}.Debug|Any CPU.ActiveCfg = Debug|Any CPU
		{E07D9AAF-C2E6-4E35-A46A-3C6634EC170A}.Debug|Any CPU.Build.0 = Debug|Any CPU
		{E07D9AAF-C2E6-4E35-A46A-3C6634EC170A}.Release|Any CPU.ActiveCfg = Release|Any CPU
		{E07D9AAF-C2E6-4E35-A46A-3C6634EC170A}.Release|Any CPU.Build.0 = Release|Any CPU
	EndGlobalSection
EndGlobal
